{
  "version": 4,
  "terraform_version": "0.14.7",
  "serial": 283,
  "lineage": "b21c3ff2-d5f1-0420-522b-3e712919a170",
  "outputs": {
    "config_map_aws_auth": {
      "value": "\n\napiVersion: v1\nkind: ConfigMap\nmetadata:\n  name: aws-auth\n  namespace: kube-system\ndata:\n  mapRoles: |\n    - rolearn: arn:aws:iam::720078235361:role/terraform-eks-pods\n      username: system:node:{{EC2PrivateDNSName}}\n      groups:\n        - system:bootstrappers\n        - system:nodes\n",
      "type": "string"
    },
    "kubeconfig": {
      "value": "\n\napiVersion: v1\nclusters:\n- cluster:\n    server: https://3369C6DFD08C83332BEB0331361F043A.sk1.us-east-1.eks.amazonaws.com\n    certificate-authority-data: LS0tLS1CRUdJTiBDRVJUSUZJQ0FURS0tLS0tCk1JSUN5RENDQWJDZ0F3SUJBZ0lCQURBTkJna3Foa2lHOXcwQkFRc0ZBREFWTVJNd0VRWURWUVFERXdwcmRXSmwKY201bGRHVnpNQjRYRFRJeE1ETXhPVEF6TkRNeE5Wb1hEVE14TURNeE56QXpORE14TlZvd0ZURVRNQkVHQTFVRQpBeE1LYTNWaVpYSnVaWFJsY3pDQ0FTSXdEUVlKS29aSWh2Y05BUUVCQlFBRGdnRVBBRENDQVFvQ2dnRUJBUGRRClZBcjdXK24zdDFhUG8zcCtQV3NrVGM2Y0JnVFU0VDNNWmFmeGZMWHNCNE44ZDcwWHJBQ1loK3I4K0c2WkNGTEoKVmJDNG8zOUhxNjZ2dGQ4U2xXTy9mQW5zUlc0WWw5N0NyUWtYYU1ESHZRUlhMUUNuYXhWRDgyYWlHTlBlRk1PSwp0WVU4MWxTclRoQ1dGQ2NCUERtcmR2eFJIOWxaMWlVNUNBTndaalZ3MlpRVmtnV25YY0w2cjlXa0F3S1pGL21EClI5c3l1RE0ycCtqK25GeUIvc2FEd1dkZTJUNjl5SW12OVR3ODVyTDNEcW1qY0lCY0pGNGpqektDaGZYcUVKRWcKK1RHcjRuTjNoRm9nSDZEcWZPNjdJQ0Y3cGZMYVZTbkdodzQ1ZXNHOTVjWWxHYTZOandxZWJvUGJGUWV4cllnVgpuVnQyWU5FeUlsSjYwRUczd2hrQ0F3RUFBYU1qTUNFd0RnWURWUjBQQVFIL0JBUURBZ0trTUE4R0ExVWRFd0VCCi93UUZNQU1CQWY4d0RRWUpLb1pJaHZjTkFRRUxCUUFEZ2dFQkFOSk9sRStjZlNzQzFJWFp1V0dTY2dMc3VUWjgKRFZLNEwrYnBlMjNUZEpzcVZDcnBwWTFmR1ltb2hzSXV1SVVwREwzcFJsRTZkZkh6QzVGbDlNSjE2aXJQSUtNWgpCVFd6azhGdnZtSlBVbDBTR1B2V0kwQWxYZGtzTTMzUENEd0NGeUJsQTFPWHBKYy9WYXo3QWlQUk9pN1o4RngrCmp1cnpSV1lraTJVWkhiVFJ1MzdtWitHQUdMTHRocWUvZ2lqUk1RcEJLV3BOVjd5L1hnZytkaUtYVmdyN0VJRjMKMlM3T3dmbkFUdHVveTZqVnRoRFJZYUxwL1NaVkJDUzZ2Sk5kWXp6K2hnTHdESy9JaWkzODBsdUtoakNIeW8rbQpnSzkzNi9OUmFYNGtmRW5BNGZacC9qZ1RGZnpxcHRTVDZTSWJlNFZlc0hGdC9tajA4WSttU0tEOGRrMD0KLS0tLS1FTkQgQ0VSVElGSUNBVEUtLS0tLQo=\n  name: kubernetes\ncontexts:\n- context:\n    cluster: kubernetes\n    user: aws\n  name: aws\ncurrent-context: aws\nkind: Config\npreferences: {}\nusers:\n- name: aws\n  user:\n    exec:\n      apiVersion: client.authentication.k8s.io/v1alpha1\n      command: aws-iam-authenticator\n      args:\n        - \"token\"\n        - \"-i\"\n        - \"terraform-eks\"\n",
      "type": "string"
    }
  },
  "resources": [
    {
      "mode": "data",
      "type": "aws_availability_zones",
      "name": "available",
      "provider": "provider[\"registry.terraform.io/hashicorp/aws\"]",
      "instances": [
        {
          "schema_version": 0,
          "attributes": {
            "all_availability_zones": null,
            "exclude_names": null,
            "exclude_zone_ids": null,
            "filter": [
              {
                "name": "zone-name",
                "values": [
                  "us-east-1a",
                  "us-east-1b",
                  "us-east-1c"
                ]
              }
            ],
            "group_names": [
              "us-east-1"
            ],
            "id": "us-east-1",
            "names": [
              "us-east-1a",
              "us-east-1b",
              "us-east-1c"
            ],
            "state": null,
            "zone_ids": [
              "use1-az1",
              "use1-az2",
              "use1-az4"
            ]
          },
          "sensitive_attributes": []
        }
      ]
    },
    {
      "mode": "managed",
      "type": "aws_eip",
      "name": "eip",
      "provider": "provider[\"registry.terraform.io/hashicorp/aws\"]",
      "instances": [
        {
          "schema_version": 0,
          "attributes": {
            "allocation_id": null,
            "associate_with_private_ip": null,
            "association_id": "eipassoc-0403dd4780cf37020",
            "carrier_ip": "",
            "customer_owned_ip": "",
            "customer_owned_ipv4_pool": "",
            "domain": "vpc",
            "id": "eipalloc-0abf0a1fcd20e8881",
            "instance": "",
            "network_border_group": "us-east-1",
            "network_interface": "eni-042fc6b8a54610740",
            "private_dns": "ip-10-0-3-24.ec2.internal",
            "private_ip": "10.0.3.24",
            "public_dns": "ec2-54-234-198-215.compute-1.amazonaws.com",
            "public_ip": "54.234.198.215",
            "public_ipv4_pool": "amazon",
            "tags": {},
            "timeouts": null,
            "vpc": true
          },
          "sensitive_attributes": [],
          "private": "eyJlMmJmYjczMC1lY2FhLTExZTYtOGY4OC0zNDM2M2JjN2M0YzAiOnsiZGVsZXRlIjoxODAwMDAwMDAwMDAsInJlYWQiOjkwMDAwMDAwMDAwMCwidXBkYXRlIjozMDAwMDAwMDAwMDB9fQ==",
          "dependencies": [
            "aws_internet_gateway.igw",
            "aws_vpc.vpc"
          ]
        }
      ]
    },
    {
      "mode": "managed",
      "type": "aws_eks_cluster",
      "name": "eks",
      "provider": "provider[\"registry.terraform.io/hashicorp/aws\"]",
      "instances": [
        {
          "schema_version": 0,
          "attributes": {
            "arn": "arn:aws:eks:us-east-1:720078235361:cluster/terraform-eks",
            "certificate_authority": [
              {
                "data": "LS0tLS1CRUdJTiBDRVJUSUZJQ0FURS0tLS0tCk1JSUN5RENDQWJDZ0F3SUJBZ0lCQURBTkJna3Foa2lHOXcwQkFRc0ZBREFWTVJNd0VRWURWUVFERXdwcmRXSmwKY201bGRHVnpNQjRYRFRJeE1ETXhPVEF6TkRNeE5Wb1hEVE14TURNeE56QXpORE14TlZvd0ZURVRNQkVHQTFVRQpBeE1LYTNWaVpYSnVaWFJsY3pDQ0FTSXdEUVlKS29aSWh2Y05BUUVCQlFBRGdnRVBBRENDQVFvQ2dnRUJBUGRRClZBcjdXK24zdDFhUG8zcCtQV3NrVGM2Y0JnVFU0VDNNWmFmeGZMWHNCNE44ZDcwWHJBQ1loK3I4K0c2WkNGTEoKVmJDNG8zOUhxNjZ2dGQ4U2xXTy9mQW5zUlc0WWw5N0NyUWtYYU1ESHZRUlhMUUNuYXhWRDgyYWlHTlBlRk1PSwp0WVU4MWxTclRoQ1dGQ2NCUERtcmR2eFJIOWxaMWlVNUNBTndaalZ3MlpRVmtnV25YY0w2cjlXa0F3S1pGL21EClI5c3l1RE0ycCtqK25GeUIvc2FEd1dkZTJUNjl5SW12OVR3ODVyTDNEcW1qY0lCY0pGNGpqektDaGZYcUVKRWcKK1RHcjRuTjNoRm9nSDZEcWZPNjdJQ0Y3cGZMYVZTbkdodzQ1ZXNHOTVjWWxHYTZOandxZWJvUGJGUWV4cllnVgpuVnQyWU5FeUlsSjYwRUczd2hrQ0F3RUFBYU1qTUNFd0RnWURWUjBQQVFIL0JBUURBZ0trTUE4R0ExVWRFd0VCCi93UUZNQU1CQWY4d0RRWUpLb1pJaHZjTkFRRUxCUUFEZ2dFQkFOSk9sRStjZlNzQzFJWFp1V0dTY2dMc3VUWjgKRFZLNEwrYnBlMjNUZEpzcVZDcnBwWTFmR1ltb2hzSXV1SVVwREwzcFJsRTZkZkh6QzVGbDlNSjE2aXJQSUtNWgpCVFd6azhGdnZtSlBVbDBTR1B2V0kwQWxYZGtzTTMzUENEd0NGeUJsQTFPWHBKYy9WYXo3QWlQUk9pN1o4RngrCmp1cnpSV1lraTJVWkhiVFJ1MzdtWitHQUdMTHRocWUvZ2lqUk1RcEJLV3BOVjd5L1hnZytkaUtYVmdyN0VJRjMKMlM3T3dmbkFUdHVveTZqVnRoRFJZYUxwL1NaVkJDUzZ2Sk5kWXp6K2hnTHdESy9JaWkzODBsdUtoakNIeW8rbQpnSzkzNi9OUmFYNGtmRW5BNGZacC9qZ1RGZnpxcHRTVDZTSWJlNFZlc0hGdC9tajA4WSttU0tEOGRrMD0KLS0tLS1FTkQgQ0VSVElGSUNBVEUtLS0tLQo="
              }
            ],
            "created_at": "2021-03-19 03:36:19.887 +0000 UTC",
            "enabled_cluster_log_types": null,
            "encryption_config": [],
            "endpoint": "https://3369C6DFD08C83332BEB0331361F043A.sk1.us-east-1.eks.amazonaws.com",
            "id": "terraform-eks",
            "identity": [
              {
                "oidc": [
                  {
                    "issuer": "https://oidc.eks.us-east-1.amazonaws.com/id/3369C6DFD08C83332BEB0331361F043A"
                  }
                ]
              }
            ],
            "kubernetes_network_config": [
              {
                "service_ipv4_cidr": "172.20.0.0/16"
              }
            ],
            "name": "terraform-eks",
            "platform_version": "eks.4",
            "role_arn": "arn:aws:iam::720078235361:role/terraform-eks-production-eks",
            "status": "ACTIVE",
            "tags": null,
            "timeouts": null,
            "version": "1.18",
            "vpc_config": [
              {
                "cluster_security_group_id": "sg-03d62e124556cfd28",
                "endpoint_private_access": false,
                "endpoint_public_access": true,
                "public_access_cidrs": [
                  "0.0.0.0/0"
                ],
                "security_group_ids": [
                  "sg-0bfdcdddb2cd75e83"
                ],
                "subnet_ids": [
                  "subnet-04623f425c7852f3b",
                  "subnet-0616816437bc31e73",
                  "subnet-0df563f3e78400d1f"
                ],
                "vpc_id": "vpc-0dbd8d494b6ba7604"
              }
            ]
          },
          "sensitive_attributes": [],
          "private": "eyJlMmJmYjczMC1lY2FhLTExZTYtOGY4OC0zNDM2M2JjN2M0YzAiOnsiY3JlYXRlIjoxODAwMDAwMDAwMDAwLCJkZWxldGUiOjkwMDAwMDAwMDAwMCwidXBkYXRlIjozNjAwMDAwMDAwMDAwfX0=",
          "dependencies": [
            "aws_iam_role.eks",
            "aws_iam_role_policy_attachment.eks-cluster-AmazonEKSClusterPolicy",
            "aws_iam_role_policy_attachment.eks-cluster-AmazonEKSVPCResourceController",
            "aws_security_group.default",
            "aws_subnet.private_subnet"
          ]
        }
      ]
    },
    {
      "mode": "managed",
      "type": "aws_eks_node_group",
      "name": "pods",
      "provider": "provider[\"registry.terraform.io/hashicorp/aws\"]",
      "instances": [
        {
          "schema_version": 0,
          "attributes": {
            "ami_type": "AL2_x86_64",
            "arn": "arn:aws:eks:us-east-1:720078235361:nodegroup/terraform-eks/terraform-eks-pods/2cbc244c-8670-b94e-1703-4a38f2ba8451",
            "capacity_type": "ON_DEMAND",
            "cluster_name": "terraform-eks",
            "disk_size": 20,
            "force_update_version": null,
            "id": "terraform-eks:terraform-eks-pods",
            "instance_types": [
              "t2.micro"
            ],
            "labels": null,
            "launch_template": [],
            "node_group_name": "terraform-eks-pods",
            "node_role_arn": "arn:aws:iam::720078235361:role/terraform-eks-pods",
            "release_version": "1.18.9-20210310",
            "remote_access": [],
            "resources": [
              {
                "autoscaling_groups": [
                  {
                    "name": "eks-2cbc244c-8670-b94e-1703-4a38f2ba8451"
                  }
                ],
                "remote_access_security_group_id": ""
              }
            ],
            "scaling_config": [
              {
                "desired_size": 1,
                "max_size": 3,
                "min_size": 1
              }
            ],
            "status": "ACTIVE",
            "subnet_ids": [
              "subnet-022be46fd71268fd2",
              "subnet-0afb617b045ca673f",
              "subnet-0e3ee98153fc946d4"
            ],
            "tags": null,
            "timeouts": null,
            "version": "1.18"
          },
          "sensitive_attributes": [],
          "private": "eyJlMmJmYjczMC1lY2FhLTExZTYtOGY4OC0zNDM2M2JjN2M0YzAiOnsiY3JlYXRlIjozNjAwMDAwMDAwMDAwLCJkZWxldGUiOjM2MDAwMDAwMDAwMDAsInVwZGF0ZSI6MzYwMDAwMDAwMDAwMH19",
          "dependencies": [
            "aws_eks_cluster.eks",
            "aws_iam_role.eks",
            "aws_iam_role.pods",
            "aws_iam_role_policy_attachment.eks-cluster-AmazonEKSClusterPolicy",
            "aws_iam_role_policy_attachment.eks-cluster-AmazonEKSVPCResourceController",
            "aws_iam_role_policy_attachment.worker-node-AmazonEC2ContainerRegistryReadOnly",
            "aws_iam_role_policy_attachment.worker-node-AmazonEKSWorkerNodePolicy",
            "aws_iam_role_policy_attachment.worker-node-AmazonEKS_CNI_Policy",
            "aws_security_group.default",
            "aws_subnet.private_subnet",
            "aws_subnet.public_subnet"
          ]
        }
      ]
    },
    {
      "mode": "managed",
      "type": "aws_iam_role",
      "name": "eks",
      "provider": "provider[\"registry.terraform.io/hashicorp/aws\"]",
      "instances": [
        {
          "schema_version": 0,
          "attributes": {
            "arn": "arn:aws:iam::720078235361:role/terraform-eks-production-eks",
            "assume_role_policy": "{\"Version\":\"2012-10-17\",\"Statement\":[{\"Effect\":\"Allow\",\"Principal\":{\"Service\":\"eks.amazonaws.com\"},\"Action\":\"sts:AssumeRole\"}]}",
            "create_date": "2021-03-19T03:13:40Z",
            "description": "",
            "force_detach_policies": false,
            "id": "terraform-eks-production-eks",
            "inline_policy": [
              {
                "name": "",
                "policy": ""
              }
            ],
            "managed_policy_arns": [
              "arn:aws:iam::aws:policy/AmazonEKSClusterPolicy",
              "arn:aws:iam::aws:policy/AmazonEKSVPCResourceController"
            ],
            "max_session_duration": 3600,
            "name": "terraform-eks-production-eks",
            "name_prefix": null,
            "path": "/",
            "permissions_boundary": null,
            "tags": {},
            "unique_id": "AROA2PKAB43Q3MHTH7OFH"
          },
          "sensitive_attributes": [],
          "private": "bnVsbA=="
        }
      ]
    },
    {
      "mode": "managed",
      "type": "aws_iam_role",
      "name": "pods",
      "provider": "provider[\"registry.terraform.io/hashicorp/aws\"]",
      "instances": [
        {
          "schema_version": 0,
          "attributes": {
            "arn": "arn:aws:iam::720078235361:role/terraform-eks-pods",
            "assume_role_policy": "{\"Version\":\"2012-10-17\",\"Statement\":[{\"Effect\":\"Allow\",\"Principal\":{\"Service\":\"ec2.amazonaws.com\"},\"Action\":\"sts:AssumeRole\"}]}",
            "create_date": "2021-03-19T03:13:40Z",
            "description": "",
            "force_detach_policies": false,
            "id": "terraform-eks-pods",
            "inline_policy": [
              {
                "name": "",
                "policy": ""
              }
            ],
            "managed_policy_arns": [
              "arn:aws:iam::aws:policy/AmazonEC2ContainerRegistryReadOnly",
              "arn:aws:iam::aws:policy/AmazonEKSWorkerNodePolicy",
              "arn:aws:iam::aws:policy/AmazonEKS_CNI_Policy"
            ],
            "max_session_duration": 3600,
            "name": "terraform-eks-pods",
            "name_prefix": null,
            "path": "/",
            "permissions_boundary": null,
            "tags": {},
            "unique_id": "AROA2PKAB43Q2YW6XZIII"
          },
          "sensitive_attributes": [],
          "private": "bnVsbA=="
        }
      ]
    },
    {
      "mode": "managed",
      "type": "aws_iam_role_policy_attachment",
      "name": "eks-cluster-AmazonEKSClusterPolicy",
      "provider": "provider[\"registry.terraform.io/hashicorp/aws\"]",
      "instances": [
        {
          "schema_version": 0,
          "attributes": {
            "id": "terraform-eks-production-eks-20210319031343851200000002",
            "policy_arn": "arn:aws:iam::aws:policy/AmazonEKSClusterPolicy",
            "role": "terraform-eks-production-eks"
          },
          "sensitive_attributes": [],
          "private": "bnVsbA==",
          "dependencies": [
            "aws_iam_role.eks"
          ]
        }
      ]
    },
    {
      "mode": "managed",
      "type": "aws_iam_role_policy_attachment",
      "name": "eks-cluster-AmazonEKSVPCResourceController",
      "provider": "provider[\"registry.terraform.io/hashicorp/aws\"]",
      "instances": [
        {
          "schema_version": 0,
          "attributes": {
            "id": "terraform-eks-production-eks-20210319031343867700000003",
            "policy_arn": "arn:aws:iam::aws:policy/AmazonEKSVPCResourceController",
            "role": "terraform-eks-production-eks"
          },
          "sensitive_attributes": [],
          "private": "bnVsbA==",
          "dependencies": [
            "aws_iam_role.eks"
          ]
        }
      ]
    },
    {
      "mode": "managed",
      "type": "aws_iam_role_policy_attachment",
      "name": "worker-node-AmazonEC2ContainerRegistryReadOnly",
      "provider": "provider[\"registry.terraform.io/hashicorp/aws\"]",
      "instances": [
        {
          "schema_version": 0,
          "attributes": {
            "id": "terraform-eks-pods-20210319031343886300000005",
            "policy_arn": "arn:aws:iam::aws:policy/AmazonEC2ContainerRegistryReadOnly",
            "role": "terraform-eks-pods"
          },
          "sensitive_attributes": [],
          "private": "bnVsbA==",
          "dependencies": [
            "aws_iam_role.pods"
          ]
        }
      ]
    },
    {
      "mode": "managed",
      "type": "aws_iam_role_policy_attachment",
      "name": "worker-node-AmazonEKSWorkerNodePolicy",
      "provider": "provider[\"registry.terraform.io/hashicorp/aws\"]",
      "instances": [
        {
          "schema_version": 0,
          "attributes": {
            "id": "terraform-eks-pods-20210319031343868900000004",
            "policy_arn": "arn:aws:iam::aws:policy/AmazonEKSWorkerNodePolicy",
            "role": "terraform-eks-pods"
          },
          "sensitive_attributes": [],
          "private": "bnVsbA==",
          "dependencies": [
            "aws_iam_role.pods"
          ]
        }
      ]
    },
    {
      "mode": "managed",
      "type": "aws_iam_role_policy_attachment",
      "name": "worker-node-AmazonEKS_CNI_Policy",
      "provider": "provider[\"registry.terraform.io/hashicorp/aws\"]",
      "instances": [
        {
          "schema_version": 0,
          "attributes": {
            "id": "terraform-eks-pods-20210319031343812200000001",
            "policy_arn": "arn:aws:iam::aws:policy/AmazonEKS_CNI_Policy",
            "role": "terraform-eks-pods"
          },
          "sensitive_attributes": [],
          "private": "bnVsbA==",
          "dependencies": [
            "aws_iam_role.pods"
          ]
        }
      ]
    },
    {
      "mode": "managed",
      "type": "aws_internet_gateway",
      "name": "igw",
      "provider": "provider[\"registry.terraform.io/hashicorp/aws\"]",
      "instances": [
        {
          "schema_version": 0,
          "attributes": {
            "arn": "arn:aws:ec2:us-east-1:720078235361:internet-gateway/igw-0addbd9dc5cfb0071",
            "id": "igw-0addbd9dc5cfb0071",
            "owner_id": "720078235361",
            "tags": {
              "Enviroment": "production",
              "Name": "terraform-eks-igw"
            },
            "vpc_id": "vpc-0dbd8d494b6ba7604"
          },
          "sensitive_attributes": [],
          "private": "bnVsbA==",
          "dependencies": [
            "aws_vpc.vpc"
          ]
        }
      ]
    },
    {
      "mode": "managed",
      "type": "aws_nat_gateway",
      "name": "ngw",
      "provider": "provider[\"registry.terraform.io/hashicorp/aws\"]",
      "instances": [
        {
          "schema_version": 0,
          "attributes": {
            "allocation_id": "eipalloc-0abf0a1fcd20e8881",
            "id": "nat-0404d29673f9bd27c",
            "network_interface_id": "eni-042fc6b8a54610740",
            "private_ip": "10.0.3.24",
            "public_ip": "54.234.198.215",
            "subnet_id": "subnet-0afb617b045ca673f",
            "tags": {
              "Environment": "production",
              "Name": "terraform-eks-production-ngw"
            }
          },
          "sensitive_attributes": [],
          "private": "bnVsbA==",
          "dependencies": [
            "aws_eip.eip",
            "aws_internet_gateway.igw",
            "aws_subnet.public_subnet",
            "aws_vpc.vpc",
            "data.aws_availability_zones.available"
          ]
        }
      ]
    },
    {
      "mode": "managed",
      "type": "aws_route",
      "name": "private_igw",
      "provider": "provider[\"registry.terraform.io/hashicorp/aws\"]",
      "instances": [
        {
          "schema_version": 0,
          "attributes": {
            "destination_cidr_block": "0.0.0.0/0",
            "destination_ipv6_cidr_block": "",
            "destination_prefix_list_id": "",
            "egress_only_gateway_id": "",
            "gateway_id": "",
            "id": "r-rtb-02d528c43b9272fc11080289494",
            "instance_id": "",
            "instance_owner_id": "",
            "local_gateway_id": "",
            "nat_gateway_id": "nat-0404d29673f9bd27c",
            "network_interface_id": "",
            "origin": "CreateRoute",
            "route_table_id": "rtb-02d528c43b9272fc1",
            "state": "active",
            "timeouts": null,
            "transit_gateway_id": "",
            "vpc_endpoint_id": null,
            "vpc_peering_connection_id": ""
          },
          "sensitive_attributes": [],
          "private": "eyJlMmJmYjczMC1lY2FhLTExZTYtOGY4OC0zNDM2M2JjN2M0YzAiOnsiY3JlYXRlIjoxMjAwMDAwMDAwMDAsImRlbGV0ZSI6MzAwMDAwMDAwMDAwfX0=",
          "dependencies": [
            "aws_eip.eip",
            "aws_internet_gateway.igw",
            "aws_nat_gateway.ngw",
            "aws_route_table.private",
            "aws_subnet.public_subnet",
            "aws_vpc.vpc",
            "data.aws_availability_zones.available"
          ]
        }
      ]
    },
    {
      "mode": "managed",
      "type": "aws_route",
      "name": "public_igw",
      "provider": "provider[\"registry.terraform.io/hashicorp/aws\"]",
      "instances": [
        {
          "schema_version": 0,
          "attributes": {
            "destination_cidr_block": "0.0.0.0/0",
            "destination_ipv6_cidr_block": "",
            "destination_prefix_list_id": "",
            "egress_only_gateway_id": "",
            "gateway_id": "igw-0addbd9dc5cfb0071",
            "id": "r-rtb-02ec55aeefa588c6c1080289494",
            "instance_id": "",
            "instance_owner_id": "",
            "local_gateway_id": "",
            "nat_gateway_id": "",
            "network_interface_id": "",
            "origin": "CreateRoute",
            "route_table_id": "rtb-02ec55aeefa588c6c",
            "state": "active",
            "timeouts": null,
            "transit_gateway_id": "",
            "vpc_endpoint_id": null,
            "vpc_peering_connection_id": ""
          },
          "sensitive_attributes": [],
          "private": "eyJlMmJmYjczMC1lY2FhLTExZTYtOGY4OC0zNDM2M2JjN2M0YzAiOnsiY3JlYXRlIjoxMjAwMDAwMDAwMDAsImRlbGV0ZSI6MzAwMDAwMDAwMDAwfX0=",
          "dependencies": [
            "aws_internet_gateway.igw",
            "aws_route_table.public",
            "aws_vpc.vpc"
          ]
        }
      ]
    },
    {
      "mode": "managed",
      "type": "aws_route_table",
      "name": "private",
      "provider": "provider[\"registry.terraform.io/hashicorp/aws\"]",
      "instances": [
        {
          "schema_version": 0,
          "attributes": {
            "id": "rtb-02d528c43b9272fc1",
            "owner_id": "720078235361",
            "propagating_vgws": [],
            "route": [
              {
                "cidr_block": "0.0.0.0/0",
                "egress_only_gateway_id": "",
                "gateway_id": "",
                "instance_id": "",
                "ipv6_cidr_block": "",
                "local_gateway_id": "",
                "nat_gateway_id": "nat-0404d29673f9bd27c",
                "network_interface_id": "",
                "transit_gateway_id": "",
                "vpc_endpoint_id": "",
                "vpc_peering_connection_id": ""
              }
            ],
            "tags": {},
            "vpc_id": "vpc-0dbd8d494b6ba7604"
          },
          "sensitive_attributes": [],
          "private": "bnVsbA==",
          "dependencies": [
            "aws_vpc.vpc"
          ]
        }
      ]
    },
    {
      "mode": "managed",
      "type": "aws_route_table",
      "name": "public",
      "provider": "provider[\"registry.terraform.io/hashicorp/aws\"]",
      "instances": [
        {
          "schema_version": 0,
          "attributes": {
            "id": "rtb-02ec55aeefa588c6c",
            "owner_id": "720078235361",
            "propagating_vgws": [],
            "route": [
              {
                "cidr_block": "0.0.0.0/0",
                "egress_only_gateway_id": "",
                "gateway_id": "igw-0addbd9dc5cfb0071",
                "instance_id": "",
                "ipv6_cidr_block": "",
                "local_gateway_id": "",
                "nat_gateway_id": "",
                "network_interface_id": "",
                "transit_gateway_id": "",
                "vpc_endpoint_id": "",
                "vpc_peering_connection_id": ""
              }
            ],
            "tags": {},
            "vpc_id": "vpc-0dbd8d494b6ba7604"
          },
          "sensitive_attributes": [],
          "private": "bnVsbA==",
          "dependencies": [
            "aws_vpc.vpc"
          ]
        }
      ]
    },
    {
      "mode": "managed",
      "type": "aws_route_table_association",
      "name": "private_rta",
      "provider": "provider[\"registry.terraform.io/hashicorp/aws\"]",
      "instances": [
        {
          "index_key": 0,
          "schema_version": 0,
          "attributes": {
            "gateway_id": null,
            "id": "rtbassoc-0c3804fd4570c9a40",
            "route_table_id": "rtb-02d528c43b9272fc1",
            "subnet_id": "subnet-04623f425c7852f3b"
          },
          "sensitive_attributes": [],
          "private": "bnVsbA==",
          "dependencies": [
            "aws_route_table.private",
            "aws_subnet.private_subnet",
            "aws_vpc.vpc",
            "data.aws_availability_zones.available"
          ]
        },
        {
          "index_key": 1,
          "schema_version": 0,
          "attributes": {
            "gateway_id": null,
            "id": "rtbassoc-0d5652d460ed88873",
            "route_table_id": "rtb-02d528c43b9272fc1",
            "subnet_id": "subnet-0616816437bc31e73"
          },
          "sensitive_attributes": [],
          "private": "bnVsbA==",
          "dependencies": [
            "aws_route_table.private",
            "aws_subnet.private_subnet",
            "aws_vpc.vpc",
            "data.aws_availability_zones.available"
          ]
        },
        {
          "index_key": 2,
          "schema_version": 0,
          "attributes": {
            "gateway_id": null,
            "id": "rtbassoc-00f45863b8565ac93",
            "route_table_id": "rtb-02d528c43b9272fc1",
            "subnet_id": "subnet-0df563f3e78400d1f"
          },
          "sensitive_attributes": [],
          "private": "bnVsbA==",
          "dependencies": [
            "aws_route_table.private",
            "aws_subnet.private_subnet",
            "aws_vpc.vpc",
            "data.aws_availability_zones.available"
          ]
        }
      ]
    },
    {
      "mode": "managed",
      "type": "aws_route_table_association",
      "name": "public_rta",
      "provider": "provider[\"registry.terraform.io/hashicorp/aws\"]",
      "instances": [
        {
          "index_key": 0,
          "schema_version": 0,
          "attributes": {
            "gateway_id": null,
            "id": "rtbassoc-0734796a0de12900d",
            "route_table_id": "rtb-02ec55aeefa588c6c",
            "subnet_id": "subnet-0afb617b045ca673f"
          },
          "sensitive_attributes": [],
          "private": "bnVsbA==",
          "dependencies": [
            "aws_route_table.public",
            "aws_subnet.public_subnet",
            "aws_vpc.vpc",
            "data.aws_availability_zones.available"
          ]
        },
        {
          "index_key": 1,
          "schema_version": 0,
          "attributes": {
            "gateway_id": null,
            "id": "rtbassoc-07e593e06c0083087",
            "route_table_id": "rtb-02ec55aeefa588c6c",
            "subnet_id": "subnet-0e3ee98153fc946d4"
          },
          "sensitive_attributes": [],
          "private": "bnVsbA==",
          "dependencies": [
            "aws_route_table.public",
            "aws_subnet.public_subnet",
            "aws_vpc.vpc",
            "data.aws_availability_zones.available"
          ]
        },
        {
          "index_key": 2,
          "schema_version": 0,
          "attributes": {
            "gateway_id": null,
            "id": "rtbassoc-0dbe76ea747664dd2",
            "route_table_id": "rtb-02ec55aeefa588c6c",
            "subnet_id": "subnet-022be46fd71268fd2"
          },
          "sensitive_attributes": [],
          "private": "bnVsbA==",
          "dependencies": [
            "aws_route_table.public",
            "aws_subnet.public_subnet",
            "aws_vpc.vpc",
            "data.aws_availability_zones.available"
          ]
        }
      ]
    },
    {
      "mode": "managed",
      "type": "aws_security_group",
      "name": "default",
      "provider": "provider[\"registry.terraform.io/hashicorp/aws\"]",
      "instances": [
        {
          "schema_version": 1,
          "attributes": {
            "arn": "arn:aws:ec2:us-east-1:720078235361:security-group/sg-0bfdcdddb2cd75e83",
            "description": "Managed by Terraform",
            "egress": [
              {
                "cidr_blocks": [],
                "description": "",
                "from_port": 0,
                "ipv6_cidr_blocks": [],
                "prefix_list_ids": [],
                "protocol": "-1",
                "security_groups": [],
                "self": true,
                "to_port": 0
              }
            ],
            "id": "sg-0bfdcdddb2cd75e83",
            "ingress": [
              {
                "cidr_blocks": [],
                "description": "",
                "from_port": 0,
                "ipv6_cidr_blocks": [],
                "prefix_list_ids": [],
                "protocol": "-1",
                "security_groups": [],
                "self": true,
                "to_port": 0
              }
            ],
            "name": "terraform-eks-production-default-sg",
            "name_prefix": "",
            "owner_id": "720078235361",
            "revoke_rules_on_delete": false,
            "tags": {},
            "timeouts": null,
            "vpc_id": "vpc-0dbd8d494b6ba7604"
          },
          "sensitive_attributes": [],
          "private": "eyJlMmJmYjczMC1lY2FhLTExZTYtOGY4OC0zNDM2M2JjN2M0YzAiOnsiY3JlYXRlIjo2MDAwMDAwMDAwMDAsImRlbGV0ZSI6NjAwMDAwMDAwMDAwfSwic2NoZW1hX3ZlcnNpb24iOiIxIn0=",
          "dependencies": [
            "aws_vpc.vpc"
          ]
        }
      ]
    },
    {
      "mode": "managed",
      "type": "aws_subnet",
      "name": "private_subnet",
      "provider": "provider[\"registry.terraform.io/hashicorp/aws\"]",
      "instances": [
        {
          "index_key": 0,
          "schema_version": 1,
          "attributes": {
            "arn": "arn:aws:ec2:us-east-1:720078235361:subnet/subnet-04623f425c7852f3b",
            "assign_ipv6_address_on_creation": false,
            "availability_zone": "us-east-1a",
            "availability_zone_id": "use1-az1",
            "cidr_block": "10.0.48.0/22",
            "customer_owned_ipv4_pool": "",
            "id": "subnet-04623f425c7852f3b",
            "ipv6_cidr_block": "",
            "ipv6_cidr_block_association_id": "",
            "map_customer_owned_ip_on_launch": false,
            "map_public_ip_on_launch": false,
            "outpost_arn": "",
            "owner_id": "720078235361",
            "tags": {
              "Name": "terraform-eks-production-sbn-public-0",
              "kubernetes.io/cluster/terraform-eks": "shared"
            },
            "timeouts": null,
            "vpc_id": "vpc-0dbd8d494b6ba7604"
          },
          "sensitive_attributes": [],
          "private": "eyJlMmJmYjczMC1lY2FhLTExZTYtOGY4OC0zNDM2M2JjN2M0YzAiOnsiY3JlYXRlIjo2MDAwMDAwMDAwMDAsImRlbGV0ZSI6MTIwMDAwMDAwMDAwMH0sInNjaGVtYV92ZXJzaW9uIjoiMSJ9",
          "dependencies": [
            "aws_vpc.vpc",
            "data.aws_availability_zones.available"
          ]
        },
        {
          "index_key": 1,
          "schema_version": 1,
          "attributes": {
            "arn": "arn:aws:ec2:us-east-1:720078235361:subnet/subnet-0616816437bc31e73",
            "assign_ipv6_address_on_creation": false,
            "availability_zone": "us-east-1b",
            "availability_zone_id": "use1-az2",
            "cidr_block": "10.0.64.0/22",
            "customer_owned_ipv4_pool": "",
            "id": "subnet-0616816437bc31e73",
            "ipv6_cidr_block": "",
            "ipv6_cidr_block_association_id": "",
            "map_customer_owned_ip_on_launch": false,
            "map_public_ip_on_launch": false,
            "outpost_arn": "",
            "owner_id": "720078235361",
            "tags": {
              "Name": "terraform-eks-production-sbn-public-1",
              "kubernetes.io/cluster/terraform-eks": "shared"
            },
            "timeouts": null,
            "vpc_id": "vpc-0dbd8d494b6ba7604"
          },
          "sensitive_attributes": [],
          "private": "eyJlMmJmYjczMC1lY2FhLTExZTYtOGY4OC0zNDM2M2JjN2M0YzAiOnsiY3JlYXRlIjo2MDAwMDAwMDAwMDAsImRlbGV0ZSI6MTIwMDAwMDAwMDAwMH0sInNjaGVtYV92ZXJzaW9uIjoiMSJ9",
          "dependencies": [
            "aws_vpc.vpc",
            "data.aws_availability_zones.available"
          ]
        },
        {
          "index_key": 2,
          "schema_version": 1,
          "attributes": {
            "arn": "arn:aws:ec2:us-east-1:720078235361:subnet/subnet-0df563f3e78400d1f",
            "assign_ipv6_address_on_creation": false,
            "availability_zone": "us-east-1c",
            "availability_zone_id": "use1-az4",
            "cidr_block": "10.0.80.0/22",
            "customer_owned_ipv4_pool": "",
            "id": "subnet-0df563f3e78400d1f",
            "ipv6_cidr_block": "",
            "ipv6_cidr_block_association_id": "",
            "map_customer_owned_ip_on_launch": false,
            "map_public_ip_on_launch": false,
            "outpost_arn": "",
            "owner_id": "720078235361",
            "tags": {
              "Name": "terraform-eks-production-sbn-public-2",
              "kubernetes.io/cluster/terraform-eks": "shared"
            },
            "timeouts": null,
            "vpc_id": "vpc-0dbd8d494b6ba7604"
          },
          "sensitive_attributes": [],
          "private": "eyJlMmJmYjczMC1lY2FhLTExZTYtOGY4OC0zNDM2M2JjN2M0YzAiOnsiY3JlYXRlIjo2MDAwMDAwMDAwMDAsImRlbGV0ZSI6MTIwMDAwMDAwMDAwMH0sInNjaGVtYV92ZXJzaW9uIjoiMSJ9",
          "dependencies": [
            "aws_vpc.vpc",
            "data.aws_availability_zones.available"
          ]
        }
      ]
    },
    {
      "mode": "managed",
      "type": "aws_subnet",
      "name": "public_subnet",
      "provider": "provider[\"registry.terraform.io/hashicorp/aws\"]",
      "instances": [
        {
          "index_key": 0,
          "schema_version": 1,
          "attributes": {
            "arn": "arn:aws:ec2:us-east-1:720078235361:subnet/subnet-0afb617b045ca673f",
            "assign_ipv6_address_on_creation": false,
            "availability_zone": "us-east-1a",
            "availability_zone_id": "use1-az1",
            "cidr_block": "10.0.0.0/22",
            "customer_owned_ipv4_pool": "",
            "id": "subnet-0afb617b045ca673f",
            "ipv6_cidr_block": "",
            "ipv6_cidr_block_association_id": "",
            "map_customer_owned_ip_on_launch": false,
            "map_public_ip_on_launch": true,
            "outpost_arn": "",
            "owner_id": "720078235361",
            "tags": {
              "Name": "terraform-eks-production-sbn-public-0",
              "kubernetes.io/cluster/terraform-eks": "shared"
            },
            "timeouts": null,
            "vpc_id": "vpc-0dbd8d494b6ba7604"
          },
          "sensitive_attributes": [],
          "private": "eyJlMmJmYjczMC1lY2FhLTExZTYtOGY4OC0zNDM2M2JjN2M0YzAiOnsiY3JlYXRlIjo2MDAwMDAwMDAwMDAsImRlbGV0ZSI6MTIwMDAwMDAwMDAwMH0sInNjaGVtYV92ZXJzaW9uIjoiMSJ9",
          "dependencies": [
            "aws_vpc.vpc",
            "data.aws_availability_zones.available"
          ]
        },
        {
          "index_key": 1,
          "schema_version": 1,
          "attributes": {
            "arn": "arn:aws:ec2:us-east-1:720078235361:subnet/subnet-0e3ee98153fc946d4",
            "assign_ipv6_address_on_creation": false,
            "availability_zone": "us-east-1b",
            "availability_zone_id": "use1-az2",
            "cidr_block": "10.0.16.0/22",
            "customer_owned_ipv4_pool": "",
            "id": "subnet-0e3ee98153fc946d4",
            "ipv6_cidr_block": "",
            "ipv6_cidr_block_association_id": "",
            "map_customer_owned_ip_on_launch": false,
            "map_public_ip_on_launch": true,
            "outpost_arn": "",
            "owner_id": "720078235361",
            "tags": {
              "Name": "terraform-eks-production-sbn-public-1",
              "kubernetes.io/cluster/terraform-eks": "shared"
            },
            "timeouts": null,
            "vpc_id": "vpc-0dbd8d494b6ba7604"
          },
          "sensitive_attributes": [],
          "private": "eyJlMmJmYjczMC1lY2FhLTExZTYtOGY4OC0zNDM2M2JjN2M0YzAiOnsiY3JlYXRlIjo2MDAwMDAwMDAwMDAsImRlbGV0ZSI6MTIwMDAwMDAwMDAwMH0sInNjaGVtYV92ZXJzaW9uIjoiMSJ9",
          "dependencies": [
            "aws_vpc.vpc",
            "data.aws_availability_zones.available"
          ]
        },
        {
          "index_key": 2,
          "schema_version": 1,
          "attributes": {
            "arn": "arn:aws:ec2:us-east-1:720078235361:subnet/subnet-022be46fd71268fd2",
            "assign_ipv6_address_on_creation": false,
            "availability_zone": "us-east-1c",
            "availability_zone_id": "use1-az4",
            "cidr_block": "10.0.32.0/22",
            "customer_owned_ipv4_pool": "",
            "id": "subnet-022be46fd71268fd2",
            "ipv6_cidr_block": "",
            "ipv6_cidr_block_association_id": "",
            "map_customer_owned_ip_on_launch": false,
            "map_public_ip_on_launch": true,
            "outpost_arn": "",
            "owner_id": "720078235361",
            "tags": {
              "Name": "terraform-eks-production-sbn-public-2",
              "kubernetes.io/cluster/terraform-eks": "shared"
            },
            "timeouts": null,
            "vpc_id": "vpc-0dbd8d494b6ba7604"
          },
          "sensitive_attributes": [],
          "private": "eyJlMmJmYjczMC1lY2FhLTExZTYtOGY4OC0zNDM2M2JjN2M0YzAiOnsiY3JlYXRlIjo2MDAwMDAwMDAwMDAsImRlbGV0ZSI6MTIwMDAwMDAwMDAwMH0sInNjaGVtYV92ZXJzaW9uIjoiMSJ9",
          "dependencies": [
            "aws_vpc.vpc",
            "data.aws_availability_zones.available"
          ]
        }
      ]
    },
    {
      "mode": "managed",
      "type": "aws_vpc",
      "name": "vpc",
      "provider": "provider[\"registry.terraform.io/hashicorp/aws\"]",
      "instances": [
        {
          "schema_version": 1,
          "attributes": {
            "arn": "arn:aws:ec2:us-east-1:720078235361:vpc/vpc-0dbd8d494b6ba7604",
            "assign_generated_ipv6_cidr_block": false,
            "cidr_block": "10.0.0.0/16",
            "default_network_acl_id": "acl-0dc65ccb26c5803f8",
            "default_route_table_id": "rtb-0adcdd0fba38026c5",
            "default_security_group_id": "sg-09018dfe5c0128f37",
            "dhcp_options_id": "dopt-f0af2c8a",
            "enable_classiclink": false,
            "enable_classiclink_dns_support": false,
            "enable_dns_hostnames": true,
            "enable_dns_support": true,
            "id": "vpc-0dbd8d494b6ba7604",
            "instance_tenancy": "default",
            "ipv6_association_id": "",
            "ipv6_cidr_block": "",
            "main_route_table_id": "rtb-0adcdd0fba38026c5",
            "owner_id": "720078235361",
            "tags": {
              "Name": "terraform-eks-production-vpc",
              "kubernetes.io/cluster/terraform-eks": "shared"
            }
          },
          "sensitive_attributes": [],
          "private": "eyJzY2hlbWFfdmVyc2lvbiI6IjEifQ=="
        }
      ]
    }
  ]
}
